{
    "_meta": {
        "hash": {
            "sha256": "91744d69b984772a233859f739e08ce3ac9555f16f0eb1f2a39c84eb88efc071"
        },
        "pipfile-spec": 6,
        "requires": {},
        "sources": [
            {
                "name": "pypi",
                "url": "https://pypi.python.org/simple",
                "verify_ssl": true
            }
        ]
    },
    "default": {
        "django": {
            "hashes": [
                "sha256:9493f9c4417ab6c15221a7ab964f73db0632bc6337ade33810078423b800dbd9",
                "sha256:e2f3ada50cf2106af7b2631b7b0b6f0d983ae30aa218f06d5ec93d3049f94897"
            ],
            "index": "pypi",
            "version": "==2.0.12"
        },
        "pytz": {
            "hashes": [
                "sha256:1c557d7d0e871de1f5ccd5833f60fb2550652da6be2693c1e02300743d21500d",
                "sha256:b02c06db6cf09c12dd25137e563b31700d3b80fcc4ad23abb7a315f2789819be"
            ],
            "version": "==2019.3"
        }
    },
    "develop": {}
}
